{
  "name": "camelotwebtools-mcp",
  "version": "1.0.1",
  "lockfileVersion": 3,
  "requires": true,
  "packages": {
    "": {
      "name": "camelotwebtools-mcp",
      "version": "1.0.1",
      "license": "MIT",
      "bin": {
        "camelot-mcp": "bin/mcp-server.js",
        "camelotwebtools-mcp": "bin/mcp-server.js"
      },
      "engines": {
        "node": ">=18.0.0"
      }
    }
  }
}
